
Microsoft Visual Studio Solution File, Format Version 12.00
# Visual Studio Version 16
VisualStudioVersion = 16.0.30621.155
MinimumVisualStudioVersion = 10.0.40219.1
Project("{FAE04EC0-301F-11D3-BF4B-00C04F79EFBC}") = "ExcelTestVsto", "ExcelTestVsto\ExcelTestVsto.csproj", "{E2176C61-CFD9-4B2B-A48F-08DFD4F1C9C5}"
EndProject
Global
	GlobalSection(SolutionConfigurationPlatforms) = preSolution
		Debug|Any CPU = Debug|Any CPU
		Release|Any CPU = Release|Any CPU
	EndGlobalSection
	GlobalSection(ProjectConfigurationPlatforms) = postSolution
		{E2176C61-CFD9-4B2B-A48F-08DFD4F1C9C5}.Debug|Any CPU.ActiveCfg = Debug|Any CPU
		{E2176C61-CFD9-4B2B-A48F-08DFD4F1C9C5}.Debug|Any CPU.Build.0 = Debug|Any CPU
		{E2176C61-CFD9-4B2B-A48F-08DFD4F1C9C5}.Release|Any CPU.ActiveCfg = Release|Any CPU
		{E2176C61-CFD9-4B2B-A48F-08DFD4F1C9C5}.Release|Any CPU.Build.0 = Release|Any CPU
	EndGlobalSection
	GlobalSection(SolutionProperties) = preSolution
		HideSolutionNode = FALSE
	EndGlobalSection
	GlobalSection(ExtensibilityGlobals) = postSolution
		SolutionGuid = {014854EE-9CAF-474B-808B-FC51F4A6070A}
	EndGlobalSection
EndGlobal
